# @generated - this file is auto-generated by `mise lock` https://mise.en.dev/dev-tools/mise-lock.html

[[tools."aqua:anomalyco/opencode"]]
version = "1.18.2"
backend = "aqua:anomalyco/opencode"

[tools."aqua:anomalyco/opencode"."platforms.linux-arm64"]
checksum = "sha256:93352b30d37d8da2e5c226085f1afbf37cf57cfcecedc813520ff2d0f8581540"
url = "https://github.com/anomalyco/opencode/releases/download/v1.18.2/opencode-linux-arm64.tar.gz"
url_api = "https://api.github.com/repos/anomalyco/opencode/releases/assets/478098516"

[tools."aqua:anomalyco/opencode"."platforms.linux-arm64-musl"]
checksum = "sha256:1defc1e42ffb6cb0fd2fc345e714f516398162ca49e1f7b165e99eceae32742f"
url = "https://github.com/anomalyco/opencode/releases/download/v1.18.2/opencode-linux-arm64-musl.tar.gz"
url_api = "https://api.github.com/repos/anomalyco/opencode/releases/assets/478098391"

[tools."aqua:anomalyco/opencode"."platforms.linux-x64"]
checksum = "sha256:97c95e004bb73d2039f957ea33be0635ea4e22b8dceaedf8f0983765950cf1b6"
url = "https://github.com/anomalyco/opencode/releases/download/v1.18.2/opencode-linux-x64.tar.gz"
url_api = "https://api.github.com/repos/anomalyco/opencode/releases/assets/478098395"

[tools."aqua:anomalyco/opencode"."platforms.linux-x64-baseline"]
checksum = "sha256:97c95e004bb73d2039f957ea33be0635ea4e22b8dceaedf8f0983765950cf1b6"
url = "https://github.com/anomalyco/opencode/releases/download/v1.18.2/opencode-linux-x64.tar.gz"
url_api = "https://api.github.com/repos/anomalyco/opencode/releases/assets/478098395"

[tools."aqua:anomalyco/opencode"."platforms.linux-x64-musl"]
checksum = "sha256:36cb91ee3b6493f38bc50aa49bb241f3dbc620fcea938eb0776069213d0bb5ee"
url = "https://github.com/anomalyco/opencode/releases/download/v1.18.2/opencode-linux-x64-musl.tar.gz"
url_api = "https://api.github.com/repos/anomalyco/opencode/releases/assets/478098502"

[tools."aqua:anomalyco/opencode"."platforms.linux-x64-musl-baseline"]
checksum = "sha256:36cb91ee3b6493f38bc50aa49bb241f3dbc620fcea938eb0776069213d0bb5ee"
url = "https://github.com/anomalyco/opencode/releases/download/v1.18.2/opencode-linux-x64-musl.tar.gz"
url_api = "https://api.github.com/repos/anomalyco/opencode/releases/assets/478098502"

[tools."aqua:anomalyco/opencode"."platforms.macos-arm64"]
checksum = "sha256:2cb1eb3301a73598890364dfeb45c535155a3855b37ed1d190172821e74e462c"
url = "https://github.com/anomalyco/opencode/releases/download/v1.18.2/opencode-darwin-arm64.zip"
url_api = "https://api.github.com/repos/anomalyco/opencode/releases/assets/478098259"

[tools."aqua:anomalyco/opencode"."platforms.macos-x64"]
checksum = "sha256:3672491ae6383468be40e54ee5c6fcbac354eb5cfb7c6afbd0ee3ae0c6af4b2e"
url = "https://github.com/anomalyco/opencode/releases/download/v1.18.2/opencode-darwin-x64.zip"
url_api = "https://api.github.com/repos/anomalyco/opencode/releases/assets/478098260"

[tools."aqua:anomalyco/opencode"."platforms.macos-x64-baseline"]
checksum = "sha256:3672491ae6383468be40e54ee5c6fcbac354eb5cfb7c6afbd0ee3ae0c6af4b2e"
url = "https://github.com/anomalyco/opencode/releases/download/v1.18.2/opencode-darwin-x64.zip"
url_api = "https://api.github.com/repos/anomalyco/opencode/releases/assets/478098260"

[tools."aqua:anomalyco/opencode"."platforms.windows-x64"]
checksum = "sha256:aca23b18d03639c6bd576a2dd23cebfa6dab80d31358f17cfa03fd1f2a5c41fd"
url = "https://github.com/anomalyco/opencode/releases/download/v1.18.2/opencode-windows-x64.zip"
url_api = "https://api.github.com/repos/anomalyco/opencode/releases/assets/478101580"

[tools."aqua:anomalyco/opencode"."platforms.windows-x64-baseline"]
checksum = "sha256:aca23b18d03639c6bd576a2dd23cebfa6dab80d31358f17cfa03fd1f2a5c41fd"
url = "https://github.com/anomalyco/opencode/releases/download/v1.18.2/opencode-windows-x64.zip"
url_api = "https://api.github.com/repos/anomalyco/opencode/releases/assets/478101580"

[[tools."aqua:anthropics/claude-code"]]
version = "2.1.211"
backend = "aqua:anthropics/claude-code"

[tools."aqua:anthropics/claude-code"."platforms.linux-arm64"]
url = "https://storage.googleapis.com/claude-code-dist-86c565f3-f756-42ad-8dfa-d59b1c096819/claude-code-releases/2.1.211/linux-arm64/claude"

[tools."aqua:anthropics/claude-code"."platforms.linux-arm64-musl"]
url = "https://storage.googleapis.com/claude-code-dist-86c565f3-f756-42ad-8dfa-d59b1c096819/claude-code-releases/2.1.211/linux-arm64-musl/claude"

[tools."aqua:anthropics/claude-code"."platforms.linux-x64"]
url = "https://storage.googleapis.com/claude-code-dist-86c565f3-f756-42ad-8dfa-d59b1c096819/claude-code-releases/2.1.211/linux-x64/claude"

[tools."aqua:anthropics/claude-code"."platforms.linux-x64-baseline"]
url = "https://storage.googleapis.com/claude-code-dist-86c565f3-f756-42ad-8dfa-d59b1c096819/claude-code-releases/2.1.211/linux-x64/claude"

[tools."aqua:anthropics/claude-code"."platforms.linux-x64-musl"]
url = "https://storage.googleapis.com/claude-code-dist-86c565f3-f756-42ad-8dfa-d59b1c096819/claude-code-releases/2.1.211/linux-x64-musl/claude"

[tools."aqua:anthropics/claude-code"."platforms.linux-x64-musl-baseline"]
url = "https://storage.googleapis.com/claude-code-dist-86c565f3-f756-42ad-8dfa-d59b1c096819/claude-code-releases/2.1.211/linux-x64-musl/claude"

[tools."aqua:anthropics/claude-code"."platforms.macos-arm64"]
url = "https://storage.googleapis.com/claude-code-dist-86c565f3-f756-42ad-8dfa-d59b1c096819/claude-code-releases/2.1.211/darwin-arm64/claude"

[tools."aqua:anthropics/claude-code"."platforms.macos-x64"]
url = "https://storage.googleapis.com/claude-code-dist-86c565f3-f756-42ad-8dfa-d59b1c096819/claude-code-releases/2.1.211/darwin-x64/claude"

[tools."aqua:anthropics/claude-code"."platforms.macos-x64-baseline"]
url = "https://storage.googleapis.com/claude-code-dist-86c565f3-f756-42ad-8dfa-d59b1c096819/claude-code-releases/2.1.211/darwin-x64/claude"

[[tools."aqua:bats-core/bats-core"]]
version = "1.13.0"
backend = "aqua:bats-core/bats-core"

[tools."aqua:bats-core/bats-core"."platforms.linux-arm64"]
url = "https://github.com/bats-core/bats-core/archive/refs/tags/v1.13.0.tar.gz"

[tools."aqua:bats-core/bats-core"."platforms.linux-arm64-musl"]
url = "https://github.com/bats-core/bats-core/archive/refs/tags/v1.13.0.tar.gz"

[tools."aqua:bats-core/bats-core"."platforms.linux-x64"]
url = "https://github.com/bats-core/bats-core/archive/refs/tags/v1.13.0.tar.gz"

[tools."aqua:bats-core/bats-core"."platforms.linux-x64-baseline"]
url = "https://github.com/bats-core/bats-core/archive/refs/tags/v1.13.0.tar.gz"

[tools."aqua:bats-core/bats-core"."platforms.linux-x64-musl"]
url = "https://github.com/bats-core/bats-core/archive/refs/tags/v1.13.0.tar.gz"

[tools."aqua:bats-core/bats-core"."platforms.linux-x64-musl-baseline"]
url = "https://github.com/bats-core/bats-core/archive/refs/tags/v1.13.0.tar.gz"

[tools."aqua:bats-core/bats-core"."platforms.macos-arm64"]
url = "https://github.com/bats-core/bats-core/archive/refs/tags/v1.13.0.tar.gz"

[tools."aqua:bats-core/bats-core"."platforms.macos-x64"]
url = "https://github.com/bats-core/bats-core/archive/refs/tags/v1.13.0.tar.gz"

[tools."aqua:bats-core/bats-core"."platforms.macos-x64-baseline"]
url = "https://github.com/bats-core/bats-core/archive/refs/tags/v1.13.0.tar.gz"

[[tools."aqua:dprint/dprint"]]
version = "0.55.1"
backend = "aqua:dprint/dprint"

[tools."aqua:dprint/dprint"."platforms.linux-arm64"]
checksum = "sha256:2d414d659034650bc25b208a87ab427cd01a7ac6c21b3ed2191cf92e1b58f76c"
url = "https://github.com/dprint/dprint/releases/download/0.55.1/dprint-aarch64-unknown-linux-musl.zip"
url_api = "https://api.github.com/repos/dprint/dprint/releases/assets/460010446"

[tools."aqua:dprint/dprint"."platforms.linux-arm64-musl"]
checksum = "sha256:2d414d659034650bc25b208a87ab427cd01a7ac6c21b3ed2191cf92e1b58f76c"
url = "https://github.com/dprint/dprint/releases/download/0.55.1/dprint-aarch64-unknown-linux-musl.zip"
url_api = "https://api.github.com/repos/dprint/dprint/releases/assets/460010446"

[tools."aqua:dprint/dprint"."platforms.linux-x64"]
checksum = "sha256:7ce856d5999585e58666701eab5e0291abfb63953884d5dd0268001c89d74b8d"
url = "https://github.com/dprint/dprint/releases/download/0.55.1/dprint-x86_64-unknown-linux-musl.zip"
url_api = "https://api.github.com/repos/dprint/dprint/releases/assets/460010456"

[tools."aqua:dprint/dprint"."platforms.linux-x64-baseline"]
checksum = "sha256:7ce856d5999585e58666701eab5e0291abfb63953884d5dd0268001c89d74b8d"
url = "https://github.com/dprint/dprint/releases/download/0.55.1/dprint-x86_64-unknown-linux-musl.zip"
url_api = "https://api.github.com/repos/dprint/dprint/releases/assets/460010456"

[tools."aqua:dprint/dprint"."platforms.linux-x64-musl"]
checksum = "sha256:7ce856d5999585e58666701eab5e0291abfb63953884d5dd0268001c89d74b8d"
url = "https://github.com/dprint/dprint/releases/download/0.55.1/dprint-x86_64-unknown-linux-musl.zip"
url_api = "https://api.github.com/repos/dprint/dprint/releases/assets/460010456"

[tools."aqua:dprint/dprint"."platforms.linux-x64-musl-baseline"]
checksum = "sha256:7ce856d5999585e58666701eab5e0291abfb63953884d5dd0268001c89d74b8d"
url = "https://github.com/dprint/dprint/releases/download/0.55.1/dprint-x86_64-unknown-linux-musl.zip"
url_api = "https://api.github.com/repos/dprint/dprint/releases/assets/460010456"

[tools."aqua:dprint/dprint"."platforms.macos-arm64"]
checksum = "sha256:94a9ce5ca91dbb609d4f22f2ccf28d8b422627c0944c6ee63d1beecac28f8cd4"
url = "https://github.com/dprint/dprint/releases/download/0.55.1/dprint-aarch64-apple-darwin.zip"
url_api = "https://api.github.com/repos/dprint/dprint/releases/assets/460010452"

[tools."aqua:dprint/dprint"."platforms.macos-x64"]
checksum = "sha256:21f9784b3edf3b0a686932b4387359ebd83fba798ac2f7e2ba1e7b8c9f674e3e"
url = "https://github.com/dprint/dprint/releases/download/0.55.1/dprint-x86_64-apple-darwin.zip"
url_api = "https://api.github.com/repos/dprint/dprint/releases/assets/460010440"

[tools."aqua:dprint/dprint"."platforms.macos-x64-baseline"]
checksum = "sha256:21f9784b3edf3b0a686932b4387359ebd83fba798ac2f7e2ba1e7b8c9f674e3e"
url = "https://github.com/dprint/dprint/releases/download/0.55.1/dprint-x86_64-apple-darwin.zip"
url_api = "https://api.github.com/repos/dprint/dprint/releases/assets/460010440"

[tools."aqua:dprint/dprint"."platforms.windows-x64"]
checksum = "sha256:dfdee60f04810c14df310696ce680da7ece599cd27b162f77906adc80d5e9679"
url = "https://github.com/dprint/dprint/releases/download/0.55.1/dprint-x86_64-pc-windows-msvc.zip"
url_api = "https://api.github.com/repos/dprint/dprint/releases/assets/460010450"

[tools."aqua:dprint/dprint"."platforms.windows-x64-baseline"]
checksum = "sha256:dfdee60f04810c14df310696ce680da7ece599cd27b162f77906adc80d5e9679"
url = "https://github.com/dprint/dprint/releases/download/0.55.1/dprint-x86_64-pc-windows-msvc.zip"
url_api = "https://api.github.com/repos/dprint/dprint/releases/assets/460010450"

[[tools."aqua:earendil-works/pi"]]
version = "0.80.7"
backend = "aqua:earendil-works/pi"

[tools."aqua:earendil-works/pi"."platforms.linux-arm64"]
checksum = "sha256:bd8bf49b36da00faf41b95c832daf538522816c09506191c900be606868bb531"
url = "https://github.com/earendil-works/pi/releases/download/v0.80.7/pi-linux-arm64.tar.gz"
url_api = "https://api.github.com/repos/earendil-works/pi/releases/assets/476916187"

[tools."aqua:earendil-works/pi"."platforms.linux-arm64-musl"]
checksum = "sha256:bd8bf49b36da00faf41b95c832daf538522816c09506191c900be606868bb531"
url = "https://github.com/earendil-works/pi/releases/download/v0.80.7/pi-linux-arm64.tar.gz"
url_api = "https://api.github.com/repos/earendil-works/pi/releases/assets/476916187"

[tools."aqua:earendil-works/pi"."platforms.linux-x64"]
checksum = "sha256:c5f5a9a77a38e68fcb089dd4e3505abb64c98d19595b55818c961be779889719"
url = "https://github.com/earendil-works/pi/releases/download/v0.80.7/pi-linux-x64.tar.gz"
url_api = "https://api.github.com/repos/earendil-works/pi/releases/assets/476916193"

[tools."aqua:earendil-works/pi"."platforms.linux-x64-baseline"]
checksum = "sha256:c5f5a9a77a38e68fcb089dd4e3505abb64c98d19595b55818c961be779889719"
url = "https://github.com/earendil-works/pi/releases/download/v0.80.7/pi-linux-x64.tar.gz"
url_api = "https://api.github.com/repos/earendil-works/pi/releases/assets/476916193"

[tools."aqua:earendil-works/pi"."platforms.linux-x64-musl"]
checksum = "sha256:c5f5a9a77a38e68fcb089dd4e3505abb64c98d19595b55818c961be779889719"
url = "https://github.com/earendil-works/pi/releases/download/v0.80.7/pi-linux-x64.tar.gz"
url_api = "https://api.github.com/repos/earendil-works/pi/releases/assets/476916193"

[tools."aqua:earendil-works/pi"."platforms.linux-x64-musl-baseline"]
checksum = "sha256:c5f5a9a77a38e68fcb089dd4e3505abb64c98d19595b55818c961be779889719"
url = "https://github.com/earendil-works/pi/releases/download/v0.80.7/pi-linux-x64.tar.gz"
url_api = "https://api.github.com/repos/earendil-works/pi/releases/assets/476916193"

[tools."aqua:earendil-works/pi"."platforms.macos-arm64"]
checksum = "sha256:0f15771ef76ecd69b03e28fecf0c512593ff6e2477acf39e35bc2c8a4056d1e3"
url = "https://github.com/earendil-works/pi/releases/download/v0.80.7/pi-darwin-arm64.tar.gz"
url_api = "https://api.github.com/repos/earendil-works/pi/releases/assets/476916189"

[tools."aqua:earendil-works/pi"."platforms.macos-x64"]
checksum = "sha256:3e71ac3aa4ba6cd92f7f8c704e06282b4413842877e7670b2dce3b1bf422318d"
url = "https://github.com/earendil-works/pi/releases/download/v0.80.7/pi-darwin-x64.tar.gz"
url_api = "https://api.github.com/repos/earendil-works/pi/releases/assets/476916186"

[tools."aqua:earendil-works/pi"."platforms.macos-x64-baseline"]
checksum = "sha256:3e71ac3aa4ba6cd92f7f8c704e06282b4413842877e7670b2dce3b1bf422318d"
url = "https://github.com/earendil-works/pi/releases/download/v0.80.7/pi-darwin-x64.tar.gz"
url_api = "https://api.github.com/repos/earendil-works/pi/releases/assets/476916186"

[tools."aqua:earendil-works/pi"."platforms.windows-x64"]
checksum = "sha256:38afe9451d4bc8b2465d6123a452abb4713eb0b28c70e7917fc7060a8908a3dd"
url = "https://github.com/earendil-works/pi/releases/download/v0.80.7/pi-windows-x64.zip"
url_api = "https://api.github.com/repos/earendil-works/pi/releases/assets/476916188"

[tools."aqua:earendil-works/pi"."platforms.windows-x64-baseline"]
checksum = "sha256:38afe9451d4bc8b2465d6123a452abb4713eb0b28c70e7917fc7060a8908a3dd"
url = "https://github.com/earendil-works/pi/releases/download/v0.80.7/pi-windows-x64.zip"
url_api = "https://api.github.com/repos/earendil-works/pi/releases/assets/476916188"

[[tools."aqua:golangci/golangci-lint"]]
version = "2.12.2"
backend = "aqua:golangci/golangci-lint"

[tools."aqua:golangci/golangci-lint"."platforms.linux-arm64"]
checksum = "sha256:44cd40a8c76c86755375adfeea52cfd3533cb43d7bd647771e0ae065e166df3a"
url = "https://github.com/golangci/golangci-lint/releases/download/v2.12.2/golangci-lint-2.12.2-linux-arm64.tar.gz"
url_api = "https://api.github.com/repos/golangci/golangci-lint/releases/assets/413470996"
provenance = "github-attestations"

[tools."aqua:golangci/golangci-lint"."platforms.linux-arm64-musl"]
checksum = "sha256:44cd40a8c76c86755375adfeea52cfd3533cb43d7bd647771e0ae065e166df3a"
url = "https://github.com/golangci/golangci-lint/releases/download/v2.12.2/golangci-lint-2.12.2-linux-arm64.tar.gz"
url_api = "https://api.github.com/repos/golangci/golangci-lint/releases/assets/413470996"
provenance = "github-attestations"

[tools."aqua:golangci/golangci-lint"."platforms.linux-x64"]
checksum = "sha256:8df580d2670fed8fa984aac0507099af8df275e665215f5c7a2ae3943893a553"
url = "https://github.com/golangci/golangci-lint/releases/download/v2.12.2/golangci-lint-2.12.2-linux-amd64.tar.gz"
url_api = "https://api.github.com/repos/golangci/golangci-lint/releases/assets/413471054"
provenance = "github-attestations"

[tools."aqua:golangci/golangci-lint"."platforms.linux-x64-baseline"]
checksum = "sha256:8df580d2670fed8fa984aac0507099af8df275e665215f5c7a2ae3943893a553"
url = "https://github.com/golangci/golangci-lint/releases/download/v2.12.2/golangci-lint-2.12.2-linux-amd64.tar.gz"
url_api = "https://api.github.com/repos/golangci/golangci-lint/releases/assets/413471054"
provenance = "github-attestations"

[tools."aqua:golangci/golangci-lint"."platforms.linux-x64-musl"]
checksum = "sha256:8df580d2670fed8fa984aac0507099af8df275e665215f5c7a2ae3943893a553"
url = "https://github.com/golangci/golangci-lint/releases/download/v2.12.2/golangci-lint-2.12.2-linux-amd64.tar.gz"
url_api = "https://api.github.com/repos/golangci/golangci-lint/releases/assets/413471054"
provenance = "github-attestations"

[tools."aqua:golangci/golangci-lint"."platforms.linux-x64-musl-baseline"]
checksum = "sha256:8df580d2670fed8fa984aac0507099af8df275e665215f5c7a2ae3943893a553"
url = "https://github.com/golangci/golangci-lint/releases/download/v2.12.2/golangci-lint-2.12.2-linux-amd64.tar.gz"
url_api = "https://api.github.com/repos/golangci/golangci-lint/releases/assets/413471054"
provenance = "github-attestations"

[tools."aqua:golangci/golangci-lint"."platforms.macos-arm64"]
checksum = "sha256:a9c54498731b3128f79e090be6110f3e5fffccc617b08142ed244d4126c73f29"
url = "https://github.com/golangci/golangci-lint/releases/download/v2.12.2/golangci-lint-2.12.2-darwin-arm64.tar.gz"
url_api = "https://api.github.com/repos/golangci/golangci-lint/releases/assets/413470950"
provenance = "github-attestations"

[tools."aqua:golangci/golangci-lint"."platforms.macos-x64"]
checksum = "sha256:f6f06d94b6241521c53d15450c5209b028270bf966f842afb11c030c79f5bc16"
url = "https://github.com/golangci/golangci-lint/releases/download/v2.12.2/golangci-lint-2.12.2-darwin-amd64.tar.gz"
url_api = "https://api.github.com/repos/golangci/golangci-lint/releases/assets/413470980"
provenance = "github-attestations"

[tools."aqua:golangci/golangci-lint"."platforms.macos-x64-baseline"]
checksum = "sha256:f6f06d94b6241521c53d15450c5209b028270bf966f842afb11c030c79f5bc16"
url = "https://github.com/golangci/golangci-lint/releases/download/v2.12.2/golangci-lint-2.12.2-darwin-amd64.tar.gz"
url_api = "https://api.github.com/repos/golangci/golangci-lint/releases/assets/413470980"
provenance = "github-attestations"

[tools."aqua:golangci/golangci-lint"."platforms.windows-x64"]
checksum = "sha256:bd42e3ebc8cb4ececb86941983baaf1dc221bbb04d838e94ce63b49cc91e02bb"
url = "https://github.com/golangci/golangci-lint/releases/download/v2.12.2/golangci-lint-2.12.2-windows-amd64.zip"
url_api = "https://api.github.com/repos/golangci/golangci-lint/releases/assets/413471017"
provenance = "github-attestations"

[tools."aqua:golangci/golangci-lint"."platforms.windows-x64-baseline"]
checksum = "sha256:bd42e3ebc8cb4ececb86941983baaf1dc221bbb04d838e94ce63b49cc91e02bb"
url = "https://github.com/golangci/golangci-lint/releases/download/v2.12.2/golangci-lint-2.12.2-windows-amd64.zip"
url_api = "https://api.github.com/repos/golangci/golangci-lint/releases/assets/413471017"
provenance = "github-attestations"

[[tools."aqua:goreleaser/goreleaser"]]
version = "2.14.3"
backend = "aqua:goreleaser/goreleaser"

[tools."aqua:goreleaser/goreleaser"."platforms.linux-arm64"]
checksum = "sha256:581a10e53c1176b3e81ee45cf531e02dbf899db0bc7b795669347df4276ce948"
url = "https://github.com/goreleaser/goreleaser/releases/download/v2.14.3/goreleaser_Linux_arm64.tar.gz"
url_api = "https://api.github.com/repos/goreleaser/goreleaser/releases/assets/370190230"
provenance = "github-attestations"

[tools."aqua:goreleaser/goreleaser"."platforms.linux-arm64-musl"]
checksum = "sha256:581a10e53c1176b3e81ee45cf531e02dbf899db0bc7b795669347df4276ce948"
url = "https://github.com/goreleaser/goreleaser/releases/download/v2.14.3/goreleaser_Linux_arm64.tar.gz"
url_api = "https://api.github.com/repos/goreleaser/goreleaser/releases/assets/370190230"
provenance = "github-attestations"

[tools."aqua:goreleaser/goreleaser"."platforms.linux-x64"]
checksum = "sha256:dc7faeeeb6da8bdfda788626263a4ae725892a8c7504b975c3234127d4a44579"
url = "https://github.com/goreleaser/goreleaser/releases/download/v2.14.3/goreleaser_Linux_x86_64.tar.gz"
url_api = "https://api.github.com/repos/goreleaser/goreleaser/releases/assets/370190264"
provenance = "github-attestations"

[tools."aqua:goreleaser/goreleaser"."platforms.linux-x64-baseline"]
checksum = "sha256:dc7faeeeb6da8bdfda788626263a4ae725892a8c7504b975c3234127d4a44579"
url = "https://github.com/goreleaser/goreleaser/releases/download/v2.14.3/goreleaser_Linux_x86_64.tar.gz"
url_api = "https://api.github.com/repos/goreleaser/goreleaser/releases/assets/370190264"
provenance = "github-attestations"

[tools."aqua:goreleaser/goreleaser"."platforms.linux-x64-musl"]
checksum = "sha256:dc7faeeeb6da8bdfda788626263a4ae725892a8c7504b975c3234127d4a44579"
url = "https://github.com/goreleaser/goreleaser/releases/download/v2.14.3/goreleaser_Linux_x86_64.tar.gz"
url_api = "https://api.github.com/repos/goreleaser/goreleaser/releases/assets/370190264"
provenance = "github-attestations"

[tools."aqua:goreleaser/goreleaser"."platforms.linux-x64-musl-baseline"]
checksum = "sha256:dc7faeeeb6da8bdfda788626263a4ae725892a8c7504b975c3234127d4a44579"
url = "https://github.com/goreleaser/goreleaser/releases/download/v2.14.3/goreleaser_Linux_x86_64.tar.gz"
url_api = "https://api.github.com/repos/goreleaser/goreleaser/releases/assets/370190264"
provenance = "github-attestations"

[tools."aqua:goreleaser/goreleaser"."platforms.macos-arm64"]
checksum = "sha256:3507798489e107a78aff36b169de48148a335ac26eb3161608d905f3f3a957bd"
url = "https://github.com/goreleaser/goreleaser/releases/download/v2.14.3/goreleaser_Darwin_all.tar.gz"
url_api = "https://api.github.com/repos/goreleaser/goreleaser/releases/assets/370190273"
provenance = "github-attestations"

[tools."aqua:goreleaser/goreleaser"."platforms.macos-x64"]
checksum = "sha256:3507798489e107a78aff36b169de48148a335ac26eb3161608d905f3f3a957bd"
url = "https://github.com/goreleaser/goreleaser/releases/download/v2.14.3/goreleaser_Darwin_all.tar.gz"
url_api = "https://api.github.com/repos/goreleaser/goreleaser/releases/assets/370190273"
provenance = "github-attestations"

[tools."aqua:goreleaser/goreleaser"."platforms.macos-x64-baseline"]
checksum = "sha256:3507798489e107a78aff36b169de48148a335ac26eb3161608d905f3f3a957bd"
url = "https://github.com/goreleaser/goreleaser/releases/download/v2.14.3/goreleaser_Darwin_all.tar.gz"
url_api = "https://api.github.com/repos/goreleaser/goreleaser/releases/assets/370190273"
provenance = "github-attestations"

[tools."aqua:goreleaser/goreleaser"."platforms.windows-x64"]
checksum = "sha256:3deea8ff471aa258a2d99f3e5302971d7028647ae8ddaf103257a8113e485a31"
url = "https://github.com/goreleaser/goreleaser/releases/download/v2.14.3/goreleaser_Windows_x86_64.zip"
url_api = "https://api.github.com/repos/goreleaser/goreleaser/releases/assets/370190313"
provenance = "github-attestations"

[tools."aqua:goreleaser/goreleaser"."platforms.windows-x64-baseline"]
checksum = "sha256:3deea8ff471aa258a2d99f3e5302971d7028647ae8ddaf103257a8113e485a31"
url = "https://github.com/goreleaser/goreleaser/releases/download/v2.14.3/goreleaser_Windows_x86_64.zip"
url_api = "https://api.github.com/repos/goreleaser/goreleaser/releases/assets/370190313"
provenance = "github-attestations"

[[tools."aqua:jdx/hk"]]
version = "1.48.0"
backend = "aqua:jdx/hk"

[tools."aqua:jdx/hk"."platforms.linux-arm64"]
checksum = "sha256:d72463103d9682094e9b1fb2f20ef8824d1ec7a9b23f79163921bac7785fcd51"
url = "https://github.com/jdx/hk/releases/download/v1.48.0/hk-aarch64-unknown-linux-gnu.tar.gz"
url_api = "https://api.github.com/repos/jdx/hk/releases/assets/445033855"

[tools."aqua:jdx/hk"."platforms.linux-arm64-musl"]
checksum = "sha256:c6ba1ed78e6d205f442e013ffb20e815ff6498ae12aac0705fd3132a9a9b92a0"
url = "https://github.com/jdx/hk/releases/download/v1.48.0/hk-aarch64-unknown-linux-musl.tar.gz"
url_api = "https://api.github.com/repos/jdx/hk/releases/assets/445033852"

[tools."aqua:jdx/hk"."platforms.linux-x64"]
checksum = "sha256:6b7f9a28391a8b13b88208d723cbde7b945d095cbb03455c7dd5f8df551ed380"
url = "https://github.com/jdx/hk/releases/download/v1.48.0/hk-x86_64-unknown-linux-gnu.tar.gz"
url_api = "https://api.github.com/repos/jdx/hk/releases/assets/445033857"

[tools."aqua:jdx/hk"."platforms.linux-x64-baseline"]
checksum = "sha256:6b7f9a28391a8b13b88208d723cbde7b945d095cbb03455c7dd5f8df551ed380"
url = "https://github.com/jdx/hk/releases/download/v1.48.0/hk-x86_64-unknown-linux-gnu.tar.gz"
url_api = "https://api.github.com/repos/jdx/hk/releases/assets/445033857"

[tools."aqua:jdx/hk"."platforms.linux-x64-musl"]
checksum = "sha256:bde5bcaab4035488520ab977f23bfe0b1b639152c6ed7200c9592724e2afe88d"
url = "https://github.com/jdx/hk/releases/download/v1.48.0/hk-x86_64-unknown-linux-musl.tar.gz"
url_api = "https://api.github.com/repos/jdx/hk/releases/assets/445033859"

[tools."aqua:jdx/hk"."platforms.linux-x64-musl-baseline"]
checksum = "sha256:bde5bcaab4035488520ab977f23bfe0b1b639152c6ed7200c9592724e2afe88d"
url = "https://github.com/jdx/hk/releases/download/v1.48.0/hk-x86_64-unknown-linux-musl.tar.gz"
url_api = "https://api.github.com/repos/jdx/hk/releases/assets/445033859"

[tools."aqua:jdx/hk"."platforms.macos-arm64"]
checksum = "sha256:e3985a14f41ba5eb849bf79502ad19201d0a582114a5ebe35a9afff16742024b"
url = "https://github.com/jdx/hk/releases/download/v1.48.0/hk-aarch64-apple-darwin.tar.gz"
url_api = "https://api.github.com/repos/jdx/hk/releases/assets/445033853"

[tools."aqua:jdx/hk"."platforms.windows-x64"]
checksum = "sha256:6349ab27cd7a9c07e68edc7c2af0859c8a540482e97a5b7306e9e88460a5ca43"
url = "https://github.com/jdx/hk/releases/download/v1.48.0/hk-x86_64-pc-windows-msvc.zip"
url_api = "https://api.github.com/repos/jdx/hk/releases/assets/445033856"

[tools."aqua:jdx/hk"."platforms.windows-x64-baseline"]
checksum = "sha256:6349ab27cd7a9c07e68edc7c2af0859c8a540482e97a5b7306e9e88460a5ca43"
url = "https://github.com/jdx/hk/releases/download/v1.48.0/hk-x86_64-pc-windows-msvc.zip"
url_api = "https://api.github.com/repos/jdx/hk/releases/assets/445033856"

[[tools."aqua:openai/codex"]]
version = "0.143.0"
backend = "aqua:openai/codex"

[tools."aqua:openai/codex"."platforms.linux-arm64"]
checksum = "sha256:12e6e5db0528dd9001097f9c360ef70abcc97ddb762d290e8bcc299c53f90d80"
url = "https://github.com/openai/codex/releases/download/rust-v0.143.0/codex-package-aarch64-unknown-linux-musl.tar.gz"
url_api = "https://api.github.com/repos/openai/codex/releases/assets/469758943"

[tools."aqua:openai/codex"."platforms.linux-arm64-musl"]
checksum = "sha256:12e6e5db0528dd9001097f9c360ef70abcc97ddb762d290e8bcc299c53f90d80"
url = "https://github.com/openai/codex/releases/download/rust-v0.143.0/codex-package-aarch64-unknown-linux-musl.tar.gz"
url_api = "https://api.github.com/repos/openai/codex/releases/assets/469758943"

[tools."aqua:openai/codex"."platforms.linux-x64"]
checksum = "sha256:bc5e36dbb2caeb34b48dbfbab92e7593a4fa3b47dc0a39b9f30403e2c18e25bd"
url = "https://github.com/openai/codex/releases/download/rust-v0.143.0/codex-package-x86_64-unknown-linux-musl.tar.gz"
url_api = "https://api.github.com/repos/openai/codex/releases/assets/469758857"

[tools."aqua:openai/codex"."platforms.linux-x64-baseline"]
checksum = "sha256:bc5e36dbb2caeb34b48dbfbab92e7593a4fa3b47dc0a39b9f30403e2c18e25bd"
url = "https://github.com/openai/codex/releases/download/rust-v0.143.0/codex-package-x86_64-unknown-linux-musl.tar.gz"
url_api = "https://api.github.com/repos/openai/codex/releases/assets/469758857"

[tools."aqua:openai/codex"."platforms.linux-x64-musl"]
checksum = "sha256:bc5e36dbb2caeb34b48dbfbab92e7593a4fa3b47dc0a39b9f30403e2c18e25bd"
url = "https://github.com/openai/codex/releases/download/rust-v0.143.0/codex-package-x86_64-unknown-linux-musl.tar.gz"
url_api = "https://api.github.com/repos/openai/codex/releases/assets/469758857"

[tools."aqua:openai/codex"."platforms.linux-x64-musl-baseline"]
checksum = "sha256:bc5e36dbb2caeb34b48dbfbab92e7593a4fa3b47dc0a39b9f30403e2c18e25bd"
url = "https://github.com/openai/codex/releases/download/rust-v0.143.0/codex-package-x86_64-unknown-linux-musl.tar.gz"
url_api = "https://api.github.com/repos/openai/codex/releases/assets/469758857"

[tools."aqua:openai/codex"."platforms.macos-arm64"]
checksum = "sha256:448df9b8db0244cf56d001b37136595a514118dcb473f59a0ceb2d0279bfb087"
url = "https://github.com/openai/codex/releases/download/rust-v0.143.0/codex-package-aarch64-apple-darwin.tar.gz"
url_api = "https://api.github.com/repos/openai/codex/releases/assets/469758993"

[tools."aqua:openai/codex"."platforms.macos-x64"]
checksum = "sha256:f3d9ffc5ff720919bb351941c8507aaf8597b8660d734521bac56f4799ce302a"
url = "https://github.com/openai/codex/releases/download/rust-v0.143.0/codex-package-x86_64-apple-darwin.tar.gz"
url_api = "https://api.github.com/repos/openai/codex/releases/assets/469758908"

[tools."aqua:openai/codex"."platforms.macos-x64-baseline"]
checksum = "sha256:f3d9ffc5ff720919bb351941c8507aaf8597b8660d734521bac56f4799ce302a"
url = "https://github.com/openai/codex/releases/download/rust-v0.143.0/codex-package-x86_64-apple-darwin.tar.gz"
url_api = "https://api.github.com/repos/openai/codex/releases/assets/469758908"

[tools."aqua:openai/codex"."platforms.windows-x64"]
checksum = "sha256:2a9ba513652ddcf7dd1c784a044a60919b0b964a46b511e774cce1838a54f7f3"
url = "https://github.com/openai/codex/releases/download/rust-v0.143.0/codex-package-x86_64-pc-windows-msvc.tar.gz"
url_api = "https://api.github.com/repos/openai/codex/releases/assets/469758884"

[tools."aqua:openai/codex"."platforms.windows-x64-baseline"]
checksum = "sha256:2a9ba513652ddcf7dd1c784a044a60919b0b964a46b511e774cce1838a54f7f3"
url = "https://github.com/openai/codex/releases/download/rust-v0.143.0/codex-package-x86_64-pc-windows-msvc.tar.gz"
url_api = "https://api.github.com/repos/openai/codex/releases/assets/469758884"

[[tools.bun]]
version = "1.3.14"
backend = "core:bun"

[tools.bun."platforms.linux-arm64"]
checksum = "sha256:a27ffb63a8310375836e0d6f668ae17fa8d8d18b88c37c821c65331973a19a3b"
url = "https://github.com/oven-sh/bun/releases/download/bun-v1.3.14/bun-linux-aarch64.zip"

[tools.bun."platforms.linux-arm64-musl"]
checksum = "sha256:b98e0ad3625c5c00d1d5b5ff55605c7adddbfae151861e68ade57b2d3b8703bb"
url = "https://github.com/oven-sh/bun/releases/download/bun-v1.3.14/bun-linux-aarch64-musl.zip"

[tools.bun."platforms.linux-x64"]
checksum = "sha256:951ee2aee855f08595aeec6225226a298d3fea83a3dcd6465c09cbccdf7e848f"
url = "https://github.com/oven-sh/bun/releases/download/bun-v1.3.14/bun-linux-x64.zip"

[tools.bun."platforms.linux-x64-baseline"]
checksum = "sha256:a063908ae08b7852ca10939bbdc6ceed3ddabce8fb9402dce83d65d73b36e6c7"
url = "https://github.com/oven-sh/bun/releases/download/bun-v1.3.14/bun-linux-x64-baseline.zip"

[tools.bun."platforms.linux-x64-musl"]
checksum = "sha256:14bd9aedeebf1dba67e8def9531c89bc989ecfdf1de42e5bfcaf1b8cd9294719"
url = "https://github.com/oven-sh/bun/releases/download/bun-v1.3.14/bun-linux-x64-musl.zip"

[tools.bun."platforms.linux-x64-musl-baseline"]
checksum = "sha256:56a7d6806cf155536c0178f0ea5fbd098e684fa509ebdb4fc0a7e19fb65382dc"
url = "https://github.com/oven-sh/bun/releases/download/bun-v1.3.14/bun-linux-x64-musl-baseline.zip"

[tools.bun."platforms.macos-arm64"]
checksum = "sha256:d8b96221828ad6f97ac7ac0ab7e95872341af763001e8803e8267652c2652620"
url = "https://github.com/oven-sh/bun/releases/download/bun-v1.3.14/bun-darwin-aarch64.zip"

[tools.bun."platforms.macos-x64"]
checksum = "sha256:4183df3374623e5bab315c547cfa0974533cd457d86b73b639f7a87974cd6633"
url = "https://github.com/oven-sh/bun/releases/download/bun-v1.3.14/bun-darwin-x64.zip"

[tools.bun."platforms.macos-x64-baseline"]
checksum = "sha256:3e35ad6f53971a9834bf9e6786e2adf72b5f1921cc9a9c5fde073d2972944076"
url = "https://github.com/oven-sh/bun/releases/download/bun-v1.3.14/bun-darwin-x64-baseline.zip"

[tools.bun."platforms.windows-x64"]
checksum = "sha256:0a0620930b6675d7ba440e81f4e0e00d3cfbe096c4b140d3fff02205e9e18922"
url = "https://github.com/oven-sh/bun/releases/download/bun-v1.3.14/bun-windows-x64.zip"

[tools.bun."platforms.windows-x64-baseline"]
checksum = "sha256:538f9c846355d9e847b2671bc00c47da4229a0befb24df3282b739770f3b475f"
url = "https://github.com/oven-sh/bun/releases/download/bun-v1.3.14/bun-windows-x64-baseline.zip"

[[tools.go]]
version = "1.26.4"
backend = "core:go"

[tools.go."platforms.linux-arm64"]
checksum = "sha256:ef758ae7c6cf9267c9c0ef080b8965f453d89ab2d25d9eb22de4405925238768"
url = "https://dl.google.com/go/go1.26.4.linux-arm64.tar.gz"

[tools.go."platforms.linux-arm64-musl"]
checksum = "sha256:ef758ae7c6cf9267c9c0ef080b8965f453d89ab2d25d9eb22de4405925238768"
url = "https://dl.google.com/go/go1.26.4.linux-arm64.tar.gz"

[tools.go."platforms.linux-x64"]
checksum = "sha256:1153d3d50e0ac764b447adfe05c2bcf08e889d42a02e0fe0259bd47f6733ad7f"
url = "https://dl.google.com/go/go1.26.4.linux-amd64.tar.gz"

[tools.go."platforms.linux-x64-baseline"]
checksum = "sha256:1153d3d50e0ac764b447adfe05c2bcf08e889d42a02e0fe0259bd47f6733ad7f"
url = "https://dl.google.com/go/go1.26.4.linux-amd64.tar.gz"

[tools.go."platforms.linux-x64-musl"]
checksum = "sha256:1153d3d50e0ac764b447adfe05c2bcf08e889d42a02e0fe0259bd47f6733ad7f"
url = "https://dl.google.com/go/go1.26.4.linux-amd64.tar.gz"

[tools.go."platforms.linux-x64-musl-baseline"]
checksum = "sha256:1153d3d50e0ac764b447adfe05c2bcf08e889d42a02e0fe0259bd47f6733ad7f"
url = "https://dl.google.com/go/go1.26.4.linux-amd64.tar.gz"

[tools.go."platforms.macos-arm64"]
checksum = "sha256:b62ad2b6d7d2464f12a5bcad7ff47f19d08325773b5efd21610e445a05a9bf53"
url = "https://dl.google.com/go/go1.26.4.darwin-arm64.tar.gz"

[tools.go."platforms.macos-x64"]
checksum = "sha256:05dc9b5f9997744520aaebb3d5deaa7c755371aebbfb7f97c2511a9f3367538d"
url = "https://dl.google.com/go/go1.26.4.darwin-amd64.tar.gz"

[tools.go."platforms.macos-x64-baseline"]
checksum = "sha256:05dc9b5f9997744520aaebb3d5deaa7c755371aebbfb7f97c2511a9f3367538d"
url = "https://dl.google.com/go/go1.26.4.darwin-amd64.tar.gz"

[tools.go."platforms.windows-x64"]
checksum = "sha256:3ca8fb4630b07c419cbdd51f754e31363cfcfb83b3a5354d9e895c90be2cc345"
url = "https://dl.google.com/go/go1.26.4.windows-amd64.zip"

[tools.go."platforms.windows-x64-baseline"]
checksum = "sha256:3ca8fb4630b07c419cbdd51f754e31363cfcfb83b3a5354d9e895c90be2cc345"
url = "https://dl.google.com/go/go1.26.4.windows-amd64.zip"

[[tools."npm:@oh-my-pi/pi-coding-agent"]]
version = "17.0.1"
backend = "npm:@oh-my-pi/pi-coding-agent"
